
Microsoft Visual Studio Solution File, Format Version 12.00
# Visual Studio 15
VisualStudioVersion = 15.0.27130.2027
MinimumVisualStudioVersion = 10.0.40219.1
Project("{FAE04EC0-301F-11D3-BF4B-00C04F79EFBC}") = "Banka", "Banka\Banka.csproj", "{ECA4CD71-48D8-43C0-8745-2B2FFB055D1D}"
EndProject
Global
	GlobalSection(SolutionConfigurationPlatforms) = preSolution
		Debug|Any CPU = Debug|Any CPU
		Release|Any CPU = Release|Any CPU
	EndGlobalSection
	GlobalSection(ProjectConfigurationPlatforms) = postSolution
		{ECA4CD71-48D8-43C0-8745-2B2FFB055D1D}.Debug|Any CPU.ActiveCfg = Debug|Any CPU
		{ECA4CD71-48D8-43C0-8745-2B2FFB055D1D}.Debug|Any CPU.Build.0 = Debug|Any CPU
		{ECA4CD71-48D8-43C0-8745-2B2FFB055D1D}.Release|Any CPU.ActiveCfg = Release|Any CPU
		{ECA4CD71-48D8-43C0-8745-2B2FFB055D1D}.Release|Any CPU.Build.0 = Release|Any CPU
	EndGlobalSection
	GlobalSection(SolutionProperties) = preSolution
		HideSolutionNode = FALSE
	EndGlobalSection
	GlobalSection(ExtensibilityGlobals) = postSolution
		SolutionGuid = {C00C7F0B-299E-419E-9939-9DD173CC7905}
	EndGlobalSection
EndGlobal
